
Microsoft Visual Studio Solution File, Format Version 12.00
#
Project("{2150E333-8FDC-42A3-9474-1A3956D46DE8}") = "src", "src", "{66321578-A4EB-46D5-97B1-F9EE177FD667}"
EndProject
Project("{2150E333-8FDC-42A3-9474-1A3956D46DE8}") = "tests", "tests", "{E30EA680-D7B4-4F96-9BAC-AF9DC75869EB}"
EndProject
Project("{2150E333-8FDC-42A3-9474-1A3956D46DE8}") = "Backend", "Backend", "{8996D588-5DD0-493A-8F32-70029380BAF4}"
EndProject
Project("{2150E333-8FDC-42A3-9474-1A3956D46DE8}") = "Shared", "Shared", "{8ACD7BF0-FDF7-4748-A506-3AB273A047F2}"
EndProject
Project("{FAE04EC0-301F-11D3-BF4B-00C04F79EFBC}") = "AMSeCommerce.Application", "src\Backend\AMSeCommerce.Application\AMSeCommerce.Application.csproj", "{8FB18D70-C413-4331-B8EB-8CF0CF8A829B}"
EndProject
Project("{FAE04EC0-301F-11D3-BF4B-00C04F79EFBC}") = "AMSeCommerce.Domain", "src\Backend\AMSeCommerce.Domain\AMSeCommerce.Domain.csproj", "{14CC1CF0-7D3B-4302-8EA5-1A12140FBE03}"
EndProject
Project("{FAE04EC0-301F-11D3-BF4B-00C04F79EFBC}") = "AMSeCommerce.Infrastructure", "src\Backend\AMSeCommerce.Infrastructure\AMSeCommerce.Infrastructure.csproj", "{A82CC6C1-CBCD-44B8-ADBE-809AB9BF3483}"
EndProject
Project("{FAE04EC0-301F-11D3-BF4B-00C04F79EFBC}") = "AMSeCommerce.API", "src\Backend\AMSeCommerce.API\AMSeCommerce.API.csproj", "{38367FEF-1481-4DA6-B5CE-6CA6D1C1AB60}"
EndProject
Project("{FAE04EC0-301F-11D3-BF4B-00C04F79EFBC}") = "AMSeCommerce.Communication", "src\Shared\AMSeCommerce.Communication\AMSeCommerce.Communication.csproj", "{2C54E00F-5EFD-4A58-AF84-8956A7566A82}"
EndProject
Project("{FAE04EC0-301F-11D3-BF4B-00C04F79EFBC}") = "AMSeCommerce.Exceptions", "src\Shared\AMSeCommerce.Exceptions\AMSeCommerce.Exceptions.csproj", "{53308D7C-5466-42B2-81A7-68444EE4CB02}"
EndProject
Project("{FAE04EC0-301F-11D3-BF4B-00C04F79EFBC}") = "AMSeCommerce.IOC", "src\Backend\AMSeCommerce.IOC\AMSeCommerce.IOC.csproj", "{F75985DD-A918-4CE9-A730-955E671AEDFB}"
EndProject
Global
	GlobalSection(SolutionConfigurationPlatforms) = preSolution
		Debug|Any CPU = Debug|Any CPU
		Release|Any CPU = Release|Any CPU
	EndGlobalSection
	GlobalSection(ProjectConfigurationPlatforms) = postSolution
		{8FB18D70-C413-4331-B8EB-8CF0CF8A829B}.Debug|Any CPU.ActiveCfg = Debug|Any CPU
		{8FB18D70-C413-4331-B8EB-8CF0CF8A829B}.Debug|Any CPU.Build.0 = Debug|Any CPU
		{8FB18D70-C413-4331-B8EB-8CF0CF8A829B}.Release|Any CPU.ActiveCfg = Release|Any CPU
		{8FB18D70-C413-4331-B8EB-8CF0CF8A829B}.Release|Any CPU.Build.0 = Release|Any CPU
		{14CC1CF0-7D3B-4302-8EA5-1A12140FBE03}.Debug|Any CPU.ActiveCfg = Debug|Any CPU
		{14CC1CF0-7D3B-4302-8EA5-1A12140FBE03}.Debug|Any CPU.Build.0 = Debug|Any CPU
		{14CC1CF0-7D3B-4302-8EA5-1A12140FBE03}.Release|Any CPU.ActiveCfg = Release|Any CPU
		{14CC1CF0-7D3B-4302-8EA5-1A12140FBE03}.Release|Any CPU.Build.0 = Release|Any CPU
		{A82CC6C1-CBCD-44B8-ADBE-809AB9BF3483}.Debug|Any CPU.ActiveCfg = Debug|Any CPU
		{A82CC6C1-CBCD-44B8-ADBE-809AB9BF3483}.Debug|Any CPU.Build.0 = Debug|Any CPU
		{A82CC6C1-CBCD-44B8-ADBE-809AB9BF3483}.Release|Any CPU.ActiveCfg = Release|Any CPU
		{A82CC6C1-CBCD-44B8-ADBE-809AB9BF3483}.Release|Any CPU.Build.0 = Release|Any CPU
		{38367FEF-1481-4DA6-B5CE-6CA6D1C1AB60}.Debug|Any CPU.ActiveCfg = Debug|Any CPU
		{38367FEF-1481-4DA6-B5CE-6CA6D1C1AB60}.Debug|Any CPU.Build.0 = Debug|Any CPU
		{38367FEF-1481-4DA6-B5CE-6CA6D1C1AB60}.Release|Any CPU.ActiveCfg = Release|Any CPU
		{38367FEF-1481-4DA6-B5CE-6CA6D1C1AB60}.Release|Any CPU.Build.0 = Release|Any CPU
		{2C54E00F-5EFD-4A58-AF84-8956A7566A82}.Debug|Any CPU.ActiveCfg = Debug|Any CPU
		{2C54E00F-5EFD-4A58-AF84-8956A7566A82}.Debug|Any CPU.Build.0 = Debug|Any CPU
		{2C54E00F-5EFD-4A58-AF84-8956A7566A82}.Release|Any CPU.ActiveCfg = Release|Any CPU
		{2C54E00F-5EFD-4A58-AF84-8956A7566A82}.Release|Any CPU.Build.0 = Release|Any CPU
		{53308D7C-5466-42B2-81A7-68444EE4CB02}.Debug|Any CPU.ActiveCfg = Debug|Any CPU
		{53308D7C-5466-42B2-81A7-68444EE4CB02}.Debug|Any CPU.Build.0 = Debug|Any CPU
		{53308D7C-5466-42B2-81A7-68444EE4CB02}.Release|Any CPU.ActiveCfg = Release|Any CPU
		{53308D7C-5466-42B2-81A7-68444EE4CB02}.Release|Any CPU.Build.0 = Release|Any CPU
		{F75985DD-A918-4CE9-A730-955E671AEDFB}.Debug|Any CPU.ActiveCfg = Debug|Any CPU
		{F75985DD-A918-4CE9-A730-955E671AEDFB}.Debug|Any CPU.Build.0 = Debug|Any CPU
		{F75985DD-A918-4CE9-A730-955E671AEDFB}.Release|Any CPU.ActiveCfg = Release|Any CPU
		{F75985DD-A918-4CE9-A730-955E671AEDFB}.Release|Any CPU.Build.0 = Release|Any CPU
	EndGlobalSection
	GlobalSection(NestedProjects) = preSolution
		{8996D588-5DD0-493A-8F32-70029380BAF4} = {66321578-A4EB-46D5-97B1-F9EE177FD667}
		{8ACD7BF0-FDF7-4748-A506-3AB273A047F2} = {66321578-A4EB-46D5-97B1-F9EE177FD667}
		{8FB18D70-C413-4331-B8EB-8CF0CF8A829B} = {8996D588-5DD0-493A-8F32-70029380BAF4}
		{14CC1CF0-7D3B-4302-8EA5-1A12140FBE03} = {8996D588-5DD0-493A-8F32-70029380BAF4}
		{A82CC6C1-CBCD-44B8-ADBE-809AB9BF3483} = {8996D588-5DD0-493A-8F32-70029380BAF4}
		{38367FEF-1481-4DA6-B5CE-6CA6D1C1AB60} = {8996D588-5DD0-493A-8F32-70029380BAF4}
		{2C54E00F-5EFD-4A58-AF84-8956A7566A82} = {8ACD7BF0-FDF7-4748-A506-3AB273A047F2}
		{53308D7C-5466-42B2-81A7-68444EE4CB02} = {8ACD7BF0-FDF7-4748-A506-3AB273A047F2}
		{F75985DD-A918-4CE9-A730-955E671AEDFB} = {8996D588-5DD0-493A-8F32-70029380BAF4}
	EndGlobalSection
EndGlobal
